// !$*UTF8*$!
{
	archiveVersion = 1;
	classes = {
	};
	objectVersion = 52;
	objects = {

/* Begin PBXBuildFile section */
		428DB19025F2C49E00B7EF7E /* BraintreeUIKit in Frameworks */ = {isa = PBXBuildFile; productRef = 428DB18F25F2C49E00B7EF7E /* BraintreeUIKit */; };
		428DB19225F2C49E00B7EF7E /* BraintreeDropIn in Frameworks */ = {isa = PBXBuildFile; productRef = 428DB19125F2C49E00B7EF7E /* BraintreeDropIn */; };
		800FC588257FF3E000DEE132 /* AppDelegate.swift in Sources */ = {isa = PBXBuildFile; fileRef = 800FC587257FF3E000DEE132 /* AppDelegate.swift */; };
		800FC58A257FF3E000DEE132 /* SceneDelegate.swift in Sources */ = {isa = PBXBuildFile; fileRef = 800FC589257FF3E000DEE132 /* SceneDelegate.swift */; };
		800FC58C257FF3E000DEE132 /* ViewController.swift in Sources */ = {isa = PBXBuildFile; fileRef = 800FC58B257FF3E000DEE132 /* ViewController.swift */; };
		800FC58F257FF3E000DEE132 /* Main.storyboard in Resources */ = {isa = PBXBuildFile; fileRef = 800FC58D257FF3E000DEE132 /* Main.storyboard */; };
		800FC591257FF3E200DEE132 /* Assets.xcassets in Resources */ = {isa = PBXBuildFile; fileRef = 800FC590257FF3E200DEE132 /* Assets.xcassets */; };
		800FC594257FF3E200DEE132 /* LaunchScreen.storyboard in Resources */ = {isa = PBXBuildFile; fileRef = 800FC592257FF3E200DEE132 /* LaunchScreen.storyboard */; };
		80A8C40A25A8CF91003A68F5 /* CardinalMobile.framework in Frameworks */ = {isa = PBXBuildFile; fileRef = 80A8C40825A8CF90003A68F5 /* CardinalMobile.framework */; };
		80A8C40B25A8CF91003A68F5 /* CardinalMobile.framework in Embed Frameworks */ = {isa = PBXBuildFile; fileRef = 80A8C40825A8CF90003A68F5 /* CardinalMobile.framework */; settings = {ATTRIBUTES = (CodeSignOnCopy, RemoveHeadersOnCopy, ); }; };
/* End PBXBuildFile section */

/* Begin PBXCopyFilesBuildPhase section */
		80A8C40C25A8CF91003A68F5 /* Embed Frameworks */ = {
			isa = PBXCopyFilesBuildPhase;
			buildActionMask = 2147483647;
			dstPath = "";
			dstSubfolderSpec = 10;
			files = (
				80A8C40B25A8CF91003A68F5 /* CardinalMobile.framework in Embed Frameworks */,
			);
			name = "Embed Frameworks";
			runOnlyForDeploymentPostprocessing = 0;
		};
/* End PBXCopyFilesBuildPhase section */

/* Begin PBXFileReference section */
		42D7B9632605294B00D226C8 /* es */ = {isa = PBXFileReference; lastKnownFileType = text.plist.strings; name = es; path = es.lproj/Main.strings; sourceTree = "<group>"; };
		42D7B9642605294B00D226C8 /* es */ = {isa = PBXFileReference; lastKnownFileType = text.plist.strings; name = es; path = es.lproj/LaunchScreen.strings; sourceTree = "<group>"; };
		800FC584257FF3E000DEE132 /* SPMTest.app */ = {isa = PBXFileReference; explicitFileType = wrapper.application; includeInIndex = 0; path = SPMTest.app; sourceTree = BUILT_PRODUCTS_DIR; };
		800FC587257FF3E000DEE132 /* AppDelegate.swift */ = {isa = PBXFileReference; lastKnownFileType = sourcecode.swift; path = AppDelegate.swift; sourceTree = "<group>"; };
		800FC589257FF3E000DEE132 /* SceneDelegate.swift */ = {isa = PBXFileReference; lastKnownFileType = sourcecode.swift; path = SceneDelegate.swift; sourceTree = "<group>"; };
		800FC58B257FF3E000DEE132 /* ViewController.swift */ = {isa = PBXFileReference; lastKnownFileType = sourcecode.swift; path = ViewController.swift; sourceTree = "<group>"; };
		800FC58E257FF3E000DEE132 /* Base */ = {isa = PBXFileReference; lastKnownFileType = file.storyboard; name = Base; path = Base.lproj/Main.storyboard; sourceTree = "<group>"; };
		800FC590257FF3E200DEE132 /* Assets.xcassets */ = {isa = PBXFileReference; lastKnownFileType = folder.assetcatalog; path = Assets.xcassets; sourceTree = "<group>"; };
		800FC593257FF3E200DEE132 /* Base */ = {isa = PBXFileReference; lastKnownFileType = file.storyboard; name = Base; path = Base.lproj/LaunchScreen.storyboard; sourceTree = "<group>"; };
		800FC595257FF3E200DEE132 /* Info.plist */ = {isa = PBXFileReference; lastKnownFileType = text.plist.xml; path = Info.plist; sourceTree = "<group>"; };
		80A8C40825A8CF90003A68F5 /* CardinalMobile.framework */ = {isa = PBXFileReference; lastKnownFileType = wrapper.framework; path = CardinalMobile.framework; sourceTree = "<group>"; };
/* End PBXFileReference section */

/* Begin PBXFrameworksBuildPhase section */
		800FC581257FF3E000DEE132 /* Frameworks */ = {
			isa = PBXFrameworksBuildPhase;
			buildActionMask = 2147483647;
			files = (
				428DB19025F2C49E00B7EF7E /* BraintreeUIKit in Frameworks */,
				80A8C40A25A8CF91003A68F5 /* CardinalMobile.framework in Frameworks */,
				428DB19225F2C49E00B7EF7E /* BraintreeDropIn in Frameworks */,
			);
			runOnlyForDeploymentPostprocessing = 0;
		};
/* End PBXFrameworksBuildPhase section */

/* Begin PBXGroup section */
		800FC57B257FF3E000DEE132 = {
			isa = PBXGroup;
			children = (
				80A8C40725A8CF77003A68F5 /* Frameworks */,
				800FC586257FF3E000DEE132 /* SPMTest */,
				800FC585257FF3E000DEE132 /* Products */,
			);
			sourceTree = "<group>";
		};
		800FC585257FF3E000DEE132 /* Products */ = {
			isa = PBXGroup;
			children = (
				800FC584257FF3E000DEE132 /* SPMTest.app */,
			);
			name = Products;
			sourceTree = "<group>";
		};
		800FC586257FF3E000DEE132 /* SPMTest */ = {
			isa = PBXGroup;
			children = (
				800FC587257FF3E000DEE132 /* AppDelegate.swift */,
				800FC589257FF3E000DEE132 /* SceneDelegate.swift */,
				800FC58B257FF3E000DEE132 /* ViewController.swift */,
				800FC58D257FF3E000DEE132 /* Main.storyboard */,
				800FC590257FF3E200DEE132 /* Assets.xcassets */,
				800FC592257FF3E200DEE132 /* LaunchScreen.storyboard */,
				800FC595257FF3E200DEE132 /* Info.plist */,
			);
			path = SPMTest;
			sourceTree = "<group>";
		};
		80A8C40725A8CF77003A68F5 /* Frameworks */ = {
			isa = PBXGroup;
			children = (
				80A8C40825A8CF90003A68F5 /* CardinalMobile.framework */,
			);
			name = Frameworks;
			sourceTree = "<group>";
		};
/* End PBXGroup section */

/* Begin PBXNativeTarget section */
		800FC583257FF3E000DEE132 /* SPMTest */ = {
			isa = PBXNativeTarget;
			buildConfigurationList = 800FC598257FF3E200DEE132 /* Build configuration list for PBXNativeTarget "SPMTest" */;
			buildPhases = (
				800FC580257FF3E000DEE132 /* Sources */,
				800FC581257FF3E000DEE132 /* Frameworks */,
				800FC582257FF3E000DEE132 /* Resources */,
				80A8C40C25A8CF91003A68F5 /* Embed Frameworks */,
			);
			buildRules = (
			);
			dependencies = (
			);
			name = SPMTest;
			packageProductDependencies = (
				428DB18F25F2C49E00B7EF7E /* BraintreeUIKit */,
				428DB19125F2C49E00B7EF7E /* BraintreeDropIn */,
			);
			productName = SPMTest;
			productReference = 800FC584257FF3E000DEE132 /* SPMTest.app */;
			productType = "com.apple.product-type.application";
		};
/* End PBXNativeTarget section */

/* Begin PBXProject section */
		800FC57C257FF3E000DEE132 /* Project object */ = {
			isa = PBXProject;
			attributes = {
				LastSwiftUpdateCheck = 1220;
				LastUpgradeCheck = 1220;
				TargetAttributes = {
					800FC583257FF3E000DEE132 = {
						CreatedOnToolsVersion = 12.2;
					};
				};
			};
			buildConfigurationList = 800FC57F257FF3E000DEE132 /* Build configuration list for PBXProject "SPMTest" */;
			compatibilityVersion = "Xcode 9.3";
			developmentRegion = en;
			hasScannedForEncodings = 0;
			knownRegions = (
				en,
				Base,
				es,
			);
			mainGroup = 800FC57B257FF3E000DEE132;
			packageReferences = (
				428DB18E25F2C49E00B7EF7E /* XCRemoteSwiftPackageReference "braintree-ios-drop-in" */,
			);
			productRefGroup = 800FC585257FF3E000DEE132 /* Products */;
			projectDirPath = "";
			projectRoot = "";
			targets = (
				800FC583257FF3E000DEE132 /* SPMTest */,
			);
		};
/* End PBXProject section */

/* Begin PBXResourcesBuildPhase section */
		800FC582257FF3E000DEE132 /* Resources */ = {
			isa = PBXResourcesBuildPhase;
			buildActionMask = 2147483647;
			files = (
				800FC594257FF3E200DEE132 /* LaunchScreen.storyboard in Resources */,
				800FC591257FF3E200DEE132 /* Assets.xcassets in Resources */,
				800FC58F257FF3E000DEE132 /* Main.storyboard in Resources */,
			);
			runOnlyForDeploymentPostprocessing = 0;
		};
/* End PBXResourcesBuildPhase section */

/* Begin PBXSourcesBuildPhase section */
		800FC580257FF3E000DEE132 /* Sources */ = {
			isa = PBXSourcesBuildPhase;
			buildActionMask = 2147483647;
			files = (
				800FC58C257FF3E000DEE132 /* ViewController.swift in Sources */,
				800FC588257FF3E000DEE132 /* AppDelegate.swift in Sources */,
				800FC58A257FF3E000DEE132 /* SceneDelegate.swift in Sources */,
			);
			runOnlyForDeploymentPostprocessing = 0;
		};
/* End PBXSourcesBuildPhase section */

/* Begin PBXVariantGroup section */
		800FC58D257FF3E000DEE132 /* Main.storyboard */ = {
			isa = PBXVariantGroup;
			children = (
				800FC58E257FF3E000DEE132 /* Base */,
				42D7B9632605294B00D226C8 /* es */,
			);
			name = Main.storyboard;
			sourceTree = "<group>";
		};
		800FC592257FF3E200DEE132 /* LaunchScreen.storyboard */ = {
			isa = PBXVariantGroup;
			children = (
				800FC593257FF3E200DEE132 /* Base */,
				42D7B9642605294B00D226C8 /* es */,
			);
			name = LaunchScreen.storyboard;
			sourceTree = "<group>";
		};
/* End PBXVariantGroup section */

/* Begin XCBuildConfiguration section */
		800FC596257FF3E200DEE132 /* Debug */ = {
			isa = XCBuildConfiguration;
			buildSettings = {
				ALWAYS_SEARCH_USER_PATHS = NO;
				CLANG_ANALYZER_LOCALIZABILITY_NONLOCALIZED = YES;
				CLANG_ANALYZER_NONNULL = YES;
				CLANG_ANALYZER_NUMBER_OBJECT_CONVERSION = YES_AGGRESSIVE;
				CLANG_CXX_LANGUAGE_STANDARD = "gnu++14";
				CLANG_CXX_LIBRARY = "libc++";
				CLANG_ENABLE_MODULES = YES;
				CLANG_ENABLE_OBJC_ARC = YES;
				CLANG_ENABLE_OBJC_WEAK = YES;
				CLANG_WARN_BLOCK_CAPTURE_AUTORELEASING = YES;
				CLANG_WARN_BOOL_CONVERSION = YES;
				CLANG_WARN_COMMA = YES;
				CLANG_WARN_CONSTANT_CONVERSION = YES;
				CLANG_WARN_DEPRECATED_OBJC_IMPLEMENTATIONS = YES;
				CLANG_WARN_DIRECT_OBJC_ISA_USAGE = YES_ERROR;
				CLANG_WARN_DOCUMENTATION_COMMENTS = YES;
				CLANG_WARN_EMPTY_BODY = YES;
				CLANG_WARN_ENUM_CONVERSION = YES;
				CLANG_WARN_INFINITE_RECURSION = YES;
				CLANG_WARN_INT_CONVERSION = YES;
				CLANG_WARN_NON_LITERAL_NULL_CONVERSION = YES;
				CLANG_WARN_OBJC_IMPLICIT_RETAIN_SELF = YES;
				CLANG_WARN_OBJC_LITERAL_CONVERSION = YES;
				CLANG_WARN_OBJC_ROOT_CLASS = YES_ERROR;
				CLANG_WARN_QUOTED_INCLUDE_IN_FRAMEWORK_HEADER = YES;
				CLANG_WARN_RANGE_LOOP_ANALYSIS = YES;
				CLANG_WARN_STRICT_PROTOTYPES = YES;
				CLANG_WARN_SUSPICIOUS_MOVE = YES;
				CLANG_WARN_UNGUARDED_AVAILABILITY = YES_AGGRESSIVE;
				CLANG_WARN_UNREACHABLE_CODE = YES;
				CLANG_WARN__DUPLICATE_METHOD_MATCH = YES;
				COPY_PHASE_STRIP = NO;
				DEBUG_INFORMATION_FORMAT = dwarf;
				ENABLE_STRICT_OBJC_MSGSEND = YES;
				ENABLE_TESTABILITY = YES;
				GCC_C_LANGUAGE_STANDARD = gnu11;
				GCC_DYNAMIC_NO_PIC = NO;
				GCC_NO_COMMON_BLOCKS = YES;
				GCC_OPTIMIZATION_LEVEL = 0;
				GCC_PREPROCESSOR_DEFINITIONS = (
					"DEBUG=1",
					"$(inherited)",
				);
				GCC_WARN_64_TO_32_BIT_CONVERSION = YES;
				GCC_WARN_ABOUT_RETURN_TYPE = YES_ERROR;
				GCC_WARN_UNDECLARED_SELECTOR = YES;
				GCC_WARN_UNINITIALIZED_AUTOS = YES_AGGRESSIVE;
				GCC_WARN_UNUSED_FUNCTION = YES;
				GCC_WARN_UNUSED_VARIABLE = YES;
				IPHONEOS_DEPLOYMENT_TARGET = 14.2;
				MTL_ENABLE_DEBUG_INFO = INCLUDE_SOURCE;
				MTL_FAST_MATH = YES;
				ONLY_ACTIVE_ARCH = YES;
				SDKROOT = iphoneos;
				SWIFT_ACTIVE_COMPILATION_CONDITIONS = DEBUG;
				SWIFT_OPTIMIZATION_LEVEL = "-Onone";
			};
			name = Debug;
		};
		800FC597257FF3E200DEE132 /* Release */ = {
			isa = XCBuildConfiguration;
			buildSettings = {
				ALWAYS_SEARCH_USER_PATHS = NO;
				CLANG_ANALYZER_LOCALIZABILITY_NONLOCALIZED = YES;
				CLANG_ANALYZER_NONNULL = YES;
				CLANG_ANALYZER_NUMBER_OBJECT_CONVERSION = YES_AGGRESSIVE;
				CLANG_CXX_LANGUAGE_STANDARD = "gnu++14";
				CLANG_CXX_LIBRARY = "libc++";
				CLANG_ENABLE_MODULES = YES;
				CLANG_ENABLE_OBJC_ARC = YES;
				CLANG_ENABLE_OBJC_WEAK = YES;
				CLANG_WARN_BLOCK_CAPTURE_AUTORELEASING = YES;
				CLANG_WARN_BOOL_CONVERSION = YES;
				CLANG_WARN_COMMA = YES;
				CLANG_WARN_CONSTANT_CONVERSION = YES;
				CLANG_WARN_DEPRECATED_OBJC_IMPLEMENTATIONS = YES;
				CLANG_WARN_DIRECT_OBJC_ISA_USAGE = YES_ERROR;
				CLANG_WARN_DOCUMENTATION_COMMENTS = YES;
				CLANG_WARN_EMPTY_BODY = YES;
				CLANG_WARN_ENUM_CONVERSION = YES;
				CLANG_WARN_INFINITE_RECURSION = YES;
				CLANG_WARN_INT_CONVERSION = YES;
				CLANG_WARN_NON_LITERAL_NULL_CONVERSION = YES;
				CLANG_WARN_OBJC_IMPLICIT_RETAIN_SELF = YES;
				CLANG_WARN_OBJC_LITERAL_CONVERSION = YES;
				CLANG_WARN_OBJC_ROOT_CLASS = YES_ERROR;
				CLANG_WARN_QUOTED_INCLUDE_IN_FRAMEWORK_HEADER = YES;
				CLANG_WARN_RANGE_LOOP_ANALYSIS = YES;
				CLANG_WARN_STRICT_PROTOTYPES = YES;
				CLANG_WARN_SUSPICIOUS_MOVE = YES;
				CLANG_WARN_UNGUARDED_AVAILABILITY = YES_AGGRESSIVE;
				CLANG_WARN_UNREACHABLE_CODE = YES;
				CLANG_WARN__DUPLICATE_METHOD_MATCH = YES;
				COPY_PHASE_STRIP = NO;
				DEBUG_INFORMATION_FORMAT = "dwarf-with-dsym";
				ENABLE_NS_ASSERTIONS = NO;
				ENABLE_STRICT_OBJC_MSGSEND = YES;
				GCC_C_LANGUAGE_STANDARD = gnu11;
				GCC_NO_COMMON_BLOCKS = YES;
				GCC_WARN_64_TO_32_BIT_CONVERSION = YES;
				GCC_WARN_ABOUT_RETURN_TYPE = YES_ERROR;
				GCC_WARN_UNDECLARED_SELECTOR = YES;
				GCC_WARN_UNINITIALIZED_AUTOS = YES_AGGRESSIVE;
				GCC_WARN_UNUSED_FUNCTION = YES;
				GCC_WARN_UNUSED_VARIABLE = YES;
				IPHONEOS_DEPLOYMENT_TARGET = 14.2;
				MTL_ENABLE_DEBUG_INFO = NO;
				MTL_FAST_MATH = YES;
				SDKROOT = iphoneos;
				SWIFT_COMPILATION_MODE = wholemodule;
				SWIFT_OPTIMIZATION_LEVEL = "-O";
				VALIDATE_PRODUCT = YES;
			};
			name = Release;
		};
		800FC599257FF3E200DEE132 /* Debug */ = {
			isa = XCBuildConfiguration;
			buildSettings = {
				ASSETCATALOG_COMPILER_APPICON_NAME = AppIcon;
				ASSETCATALOG_COMPILER_GLOBAL_ACCENT_COLOR_NAME = AccentColor;
				CODE_SIGN_STYLE = Automatic;
				DEVELOPMENT_TEAM = 43253H4X22;
				FRAMEWORK_SEARCH_PATHS = (
					"$(inherited)",
					"$(PROJECT_DIR)",
				);
				INFOPLIST_FILE = SPMTest/Info.plist;
				LD_RUNPATH_SEARCH_PATHS = (
					"$(inherited)",
					"@executable_path/Frameworks",
				);
				PRODUCT_BUNDLE_IDENTIFIER = com.braintreepayments.SPMTest;
				PRODUCT_NAME = "$(TARGET_NAME)";
				SWIFT_VERSION = 5.0;
				TARGETED_DEVICE_FAMILY = "1,2";
				VALIDATE_WORKSPACE = YES;
			};
			name = Debug;
		};
		800FC59A257FF3E200DEE132 /* Release */ = {
			isa = XCBuildConfiguration;
			buildSettings = {
				ASSETCATALOG_COMPILER_APPICON_NAME = AppIcon;
				ASSETCATALOG_COMPILER_GLOBAL_ACCENT_COLOR_NAME = AccentColor;
				CODE_SIGN_STYLE = Automatic;
				DEVELOPMENT_TEAM = 43253H4X22;
				FRAMEWORK_SEARCH_PATHS = (
					"$(inherited)",
					"$(PROJECT_DIR)",
				);
				INFOPLIST_FILE = SPMTest/Info.plist;
				LD_RUNPATH_SEARCH_PATHS = (
					"$(inherited)",
					"@executable_path/Frameworks",
				);
				PRODUCT_BUNDLE_IDENTIFIER = com.braintreepayments.SPMTest;
				PRODUCT_NAME = "$(TARGET_NAME)";
				SWIFT_VERSION = 5.0;
				TARGETED_DEVICE_FAMILY = "1,2";
				VALIDATE_WORKSPACE = YES;
			};
			name = Release;
		};
/* End XCBuildConfiguration section */

/* Begin XCConfigurationList section */
		800FC57F257FF3E000DEE132 /* Build configuration list for PBXProject "SPMTest" */ = {
			isa = XCConfigurationList;
			buildConfigurations = (
				800FC596257FF3E200DEE132 /* Debug */,
				800FC597257FF3E200DEE132 /* Release */,
			);
			defaultConfigurationIsVisible = 0;
			defaultConfigurationName = Release;
		};
		800FC598257FF3E200DEE132 /* Build configuration list for PBXNativeTarget "SPMTest" */ = {
			isa = XCConfigurationList;
			buildConfigurations = (
				800FC599257FF3E200DEE132 /* Debug */,
				800FC59A257FF3E200DEE132 /* Release */,
			);
			defaultConfigurationIsVisible = 0;
			defaultConfigurationName = Release;
		};
/* End XCConfigurationList section */

/* Begin XCRemoteSwiftPackageReference section */
		428DB18E25F2C49E00B7EF7E /* XCRemoteSwiftPackageReference "braintree-ios-drop-in" */ = {
			isa = XCRemoteSwiftPackageReference;
			repositoryURL = "https://github.com/braintree/braintree-ios-drop-in.git";
			requirement = {
				branch = "next-major-version";
				kind = branch;
			};
		};
/* End XCRemoteSwiftPackageReference section */

/* Begin XCSwiftPackageProductDependency section */
		428DB18F25F2C49E00B7EF7E /* BraintreeUIKit */ = {
			isa = XCSwiftPackageProductDependency;
			package = 428DB18E25F2C49E00B7EF7E /* XCRemoteSwiftPackageReference "braintree-ios-drop-in" */;
			productName = BraintreeUIKit;
		};
		428DB19125F2C49E00B7EF7E /* BraintreeDropIn */ = {
			isa = XCSwiftPackageProductDependency;
			package = 428DB18E25F2C49E00B7EF7E /* XCRemoteSwiftPackageReference "braintree-ios-drop-in" */;
			productName = BraintreeDropIn;
		};
/* End XCSwiftPackageProductDependency section */
	};
	rootObject = 800FC57C257FF3E000DEE132 /* Project object */;
}
