{
  "pins" : [
    {
      "identity" : "braintree_ios",
      "kind" : "remoteSourceControl",
      "location" : "https://github.com/braintree/braintree_ios",
      "state" : {
        "revision" : "61fb99dbfe199a5f2e7232f5b7627bb92f52adf1",
        "version" : "6.1.0"
      }
    }
  ],
  "version" : 2
}
