{
  "object": {
    "pins": [
      {
        "package": "Braintree",
        "repositoryURL": "https://github.com/braintree/braintree_ios",
        "state": {
          "branch": null,
          "revision": "3924f5ea0295087081e7e637fbf1333361e7054b",
          "version": "5.23.0"
        }
      }
    ]
  },
  "version": 1
}
