{
  "object": {
    "pins": [
      {
        "package": "Braintree",
        "repositoryURL": "https://github.com/braintree/braintree_ios",
        "state": {
          "branch": null,
          "revision": "59e0ac8add29de6a4476dc949ed86bcdc590cbb2",
          "version": "5.9.0"
        }
      }
    ]
  },
  "version": 1
}
