PODS:
  - Braintree/Apple-Pay (4.34.0):
    - Braintree/Core
  - Braintree/Card (4.34.0):
    - Braintree/Core
  - Braintree/Core (4.34.0)
  - Braintree/PaymentFlow (4.34.0):
    - Braintree/Card
    - Braintree/Core
    - Braintree/PayPalOneTouch
  - Braintree/PayPal (4.34.0):
    - Braintree/Core
    - Braintree/PayPalOneTouch
  - Braintree/PayPalDataCollector (4.34.0):
    - Braintree/Core
    - Braintree/PayPalUtils
  - Braintree/PayPalOneTouch (4.34.0):
    - Braintree/Core
    - Braintree/PayPalDataCollector
    - Braintree/PayPalUtils
  - Braintree/PayPalUtils (4.34.0)
  - Braintree/UnionPay (4.34.0):
    - Braintree/Card
    - Braintree/Core
  - Braintree/Venmo (4.34.0):
    - Braintree/Core
    - Braintree/PayPalDataCollector
  - BraintreeDropIn (9.0.0):
    - BraintreeDropIn/DropIn (= 9.0.0)
  - BraintreeDropIn/DropIn (9.0.0):
    - Braintree/Card (~> 4.32)
    - Braintree/Core (~> 4.32)
    - Braintree/PaymentFlow (~> 4.32)
    - Braintree/PayPal (~> 4.32)
    - Braintree/UnionPay (~> 4.32)
    - BraintreeDropIn/UIKit
  - BraintreeDropIn/UIKit (9.0.0)
  - InAppSettingsKit (3.1.2)
  - xcbeautify (0.8.1)

DEPENDENCIES:
  - Braintree/Apple-Pay
  - Braintree/PaymentFlow
  - Braintree/PayPal
  - Braintree/UnionPay
  - Braintree/Venmo
  - BraintreeDropIn (from `./`)
  - InAppSettingsKit
  - xcbeautify

SPEC REPOS:
  trunk:
    - Braintree
    - InAppSettingsKit
    - xcbeautify

EXTERNAL SOURCES:
  BraintreeDropIn:
    :path: "./"

SPEC CHECKSUMS:
  Braintree: 48154e70306eb3e6c81eaa87bbc5c5988c0d2784
  BraintreeDropIn: 4a5816d8213d89913d4b76ab722788068c269a18
  InAppSettingsKit: 988142fed825524ae44dd0d93684daf8f0358b8c
  xcbeautify: a3b03e4a38eb1a5766a83a7a3c53915a233572e3

PODFILE CHECKSUM: 063fb2c55dc6faa84f068e4a213134946ac05340

COCOAPODS: 1.9.3
