// !$*UTF8*$!
{
	archiveVersion = 1;
	classes = {
	};
	objectVersion = 52;
	objects = {

/* Begin PBXBuildFile section */
		4221CD56260E66D30025F6AD /* DemoPurchaseButton.swift in Sources */ = {isa = PBXBuildFile; fileRef = 4221CD55260E66D30025F6AD /* DemoPurchaseButton.swift */; };
		4226FBB32620A61F006F45FE /* ContentView.swift in Sources */ = {isa = PBXBuildFile; fileRef = 4226FBB22620A61F006F45FE /* ContentView.swift */; };
		422B6327260E4D3C00CAE202 /* Main.strings in Resources */ = {isa = PBXBuildFile; fileRef = 422B62EE260E4D3C00CAE202 /* Main.strings */; };
		422B6328260E4D3C00CAE202 /* InfoPlist.strings in Resources */ = {isa = PBXBuildFile; fileRef = 422B62F0260E4D3C00CAE202 /* InfoPlist.strings */; };
		422B6329260E4D3C00CAE202 /* BTUI.strings in Resources */ = {isa = PBXBuildFile; fileRef = 422B630D260E4D3C00CAE202 /* BTUI.strings */; };
		422B632B260E4D3C00CAE202 /* Launch Screen.storyboard in Resources */ = {isa = PBXBuildFile; fileRef = 422B631A260E4D3C00CAE202 /* Launch Screen.storyboard */; };
		422B6331260E4D5700CAE202 /* Assets.xcassets in Resources */ = {isa = PBXBuildFile; fileRef = 422B6330260E4D5700CAE202 /* Assets.xcassets */; };
		422BB058260E2720007EF855 /* BraintreeDropIn in Frameworks */ = {isa = PBXBuildFile; productRef = 422BB057260E2720007EF855 /* BraintreeDropIn */; };
		423BD4EE260D199600D111E6 /* InAppSettingsKit in Frameworks */ = {isa = PBXBuildFile; productRef = 423BD4ED260D199600D111E6 /* InAppSettingsKit */; };
		4245D87F256C5C4E00F1A413 /* Settings.bundle in Resources */ = {isa = PBXBuildFile; fileRef = 4245D866256C5C4E00F1A413 /* Settings.bundle */; };
		4245D880256C5C4E00F1A413 /* DemoSettings.swift in Sources */ = {isa = PBXBuildFile; fileRef = 4245D867256C5C4E00F1A413 /* DemoSettings.swift */; };
		4245D881256C5C4E00F1A413 /* DemoAppDelegate.swift in Sources */ = {isa = PBXBuildFile; fileRef = 4245D868256C5C4E00F1A413 /* DemoAppDelegate.swift */; };
		4245D882256C5C4E00F1A413 /* DemoContainerViewController.swift in Sources */ = {isa = PBXBuildFile; fileRef = 4245D869256C5C4E00F1A413 /* DemoContainerViewController.swift */; };
		4245D883256C5C4E00F1A413 /* DemoBaseViewController.swift in Sources */ = {isa = PBXBuildFile; fileRef = 4245D86A256C5C4E00F1A413 /* DemoBaseViewController.swift */; };
		4245D884256C5C4E00F1A413 /* ViewHelpers.swift in Sources */ = {isa = PBXBuildFile; fileRef = 4245D86B256C5C4E00F1A413 /* ViewHelpers.swift */; };
		4245D885256C5C4E00F1A413 /* DemoDropInViewController.swift in Sources */ = {isa = PBXBuildFile; fileRef = 4245D86C256C5C4E00F1A413 /* DemoDropInViewController.swift */; };
		4245D88C256C5C4F00F1A413 /* DemoDropInView.swift in Sources */ = {isa = PBXBuildFile; fileRef = 4245D87C256C5C4E00F1A413 /* DemoDropInView.swift */; };
		4245D88D256C5C4F00F1A413 /* DemoMerchantAPIClient.swift in Sources */ = {isa = PBXBuildFile; fileRef = 4245D87E256C5C4E00F1A413 /* DemoMerchantAPIClient.swift */; };
		428484B12617BFD00093461D /* AppDelegate.swift in Sources */ = {isa = PBXBuildFile; fileRef = 428484B02617BFD00093461D /* AppDelegate.swift */; };
		428484B32617BFD00093461D /* SceneDelegate.swift in Sources */ = {isa = PBXBuildFile; fileRef = 428484B22617BFD00093461D /* SceneDelegate.swift */; };
		428484B52617BFD00093461D /* ViewController.swift in Sources */ = {isa = PBXBuildFile; fileRef = 428484B42617BFD00093461D /* ViewController.swift */; };
		428484B82617BFD00093461D /* Main.storyboard in Resources */ = {isa = PBXBuildFile; fileRef = 428484B62617BFD00093461D /* Main.storyboard */; };
		428484BA2617BFD20093461D /* Assets.xcassets in Resources */ = {isa = PBXBuildFile; fileRef = 428484B92617BFD20093461D /* Assets.xcassets */; };
		428484BD2617BFD20093461D /* LaunchScreen.storyboard in Resources */ = {isa = PBXBuildFile; fileRef = 428484BB2617BFD20093461D /* LaunchScreen.storyboard */; };
		428484C62617C0140093461D /* AppSwitcher.swift in Sources */ = {isa = PBXBuildFile; fileRef = 428484C52617C0140093461D /* AppSwitcher.swift */; };
		428484CB2617C1160093461D /* BraintreeDropIn_Venmo_UITests.swift in Sources */ = {isa = PBXBuildFile; fileRef = 428484CA2617C1160093461D /* BraintreeDropIn_Venmo_UITests.swift */; };
		805384C9261623E20085B16C /* BraintreeDropIn_Localization_UITests.swift in Sources */ = {isa = PBXBuildFile; fileRef = 805384C8261623E20085B16C /* BraintreeDropIn_Localization_UITests.swift */; };
		8068E520256D73D5002904E6 /* BraintreeDropIn_UITests.swift in Sources */ = {isa = PBXBuildFile; fileRef = 8068E51F256D73D5002904E6 /* BraintreeDropIn_UITests.swift */; };
		8068E52C256D7459002904E6 /* BraintreeDropIn_EditMode_UITests.swift in Sources */ = {isa = PBXBuildFile; fileRef = 8068E52B256D7459002904E6 /* BraintreeDropIn_EditMode_UITests.swift */; };
		8068E532256D7489002904E6 /* Helpers.swift in Sources */ = {isa = PBXBuildFile; fileRef = 8068E531256D7489002904E6 /* Helpers.swift */; };
/* End PBXBuildFile section */

/* Begin PBXContainerItemProxy section */
		426A45DD261BA55100951A31 /* PBXContainerItemProxy */ = {
			isa = PBXContainerItemProxy;
			containerPortal = 4245D79B256C5AF900F1A413 /* Project object */;
			proxyType = 1;
			remoteGlobalIDString = 428484AD2617BFD00093461D;
			remoteInfo = MockVenmo;
		};
		8068E522256D73D5002904E6 /* PBXContainerItemProxy */ = {
			isa = PBXContainerItemProxy;
			containerPortal = 4245D79B256C5AF900F1A413 /* Project object */;
			proxyType = 1;
			remoteGlobalIDString = 4245D7A2256C5AF900F1A413;
			remoteInfo = Demo;
		};
/* End PBXContainerItemProxy section */

/* Begin PBXFileReference section */
		421F783C260E37EE003F99B5 /* braintree-ios-drop-in */ = {isa = PBXFileReference; lastKnownFileType = text; name = "braintree-ios-drop-in"; path = .; sourceTree = SOURCE_ROOT; };
		4221CD55260E66D30025F6AD /* DemoPurchaseButton.swift */ = {isa = PBXFileReference; lastKnownFileType = sourcecode.swift; path = DemoPurchaseButton.swift; sourceTree = "<group>"; };
		4226FBB22620A61F006F45FE /* ContentView.swift */ = {isa = PBXFileReference; lastKnownFileType = sourcecode.swift; path = ContentView.swift; sourceTree = "<group>"; };
		422B62EF260E4D3C00CAE202 /* de */ = {isa = PBXFileReference; lastKnownFileType = text.plist.strings; name = de; path = de.lproj/Main.strings; sourceTree = "<group>"; };
		422B62F1260E4D3C00CAE202 /* de */ = {isa = PBXFileReference; lastKnownFileType = text.plist.strings; name = de; path = de.lproj/InfoPlist.strings; sourceTree = "<group>"; };
		422B62F2260E4D3C00CAE202 /* he */ = {isa = PBXFileReference; lastKnownFileType = text.plist.strings; name = he; path = he.lproj/Main.strings; sourceTree = "<group>"; };
		422B62F3260E4D3C00CAE202 /* he */ = {isa = PBXFileReference; lastKnownFileType = text.plist.strings; name = he; path = he.lproj/InfoPlist.strings; sourceTree = "<group>"; };
		422B62F4260E4D3C00CAE202 /* ar */ = {isa = PBXFileReference; lastKnownFileType = text.plist.strings; name = ar; path = ar.lproj/Main.strings; sourceTree = "<group>"; };
		422B62F5260E4D3C00CAE202 /* ar */ = {isa = PBXFileReference; lastKnownFileType = text.plist.strings; name = ar; path = ar.lproj/InfoPlist.strings; sourceTree = "<group>"; };
		422B62F6260E4D3C00CAE202 /* zh-Hans */ = {isa = PBXFileReference; lastKnownFileType = text.plist.strings; name = "zh-Hans"; path = "zh-Hans.lproj/Main.strings"; sourceTree = "<group>"; };
		422B62F7260E4D3C00CAE202 /* zh-Hans */ = {isa = PBXFileReference; lastKnownFileType = text.plist.strings; name = "zh-Hans"; path = "zh-Hans.lproj/InfoPlist.strings"; sourceTree = "<group>"; };
		422B62F8260E4D3C00CAE202 /* ja */ = {isa = PBXFileReference; lastKnownFileType = text.plist.strings; name = ja; path = ja.lproj/Main.strings; sourceTree = "<group>"; };
		422B62F9260E4D3C00CAE202 /* ja */ = {isa = PBXFileReference; lastKnownFileType = text.plist.strings; name = ja; path = ja.lproj/InfoPlist.strings; sourceTree = "<group>"; };
		422B62FA260E4D3C00CAE202 /* en */ = {isa = PBXFileReference; lastKnownFileType = text.plist.strings; name = en; path = en.lproj/Main.strings; sourceTree = "<group>"; };
		422B62FB260E4D3C00CAE202 /* en */ = {isa = PBXFileReference; lastKnownFileType = text.plist.strings; name = en; path = en.lproj/InfoPlist.strings; sourceTree = "<group>"; };
		422B62FC260E4D3C00CAE202 /* zh-Hant-HK */ = {isa = PBXFileReference; lastKnownFileType = text.plist.strings; name = "zh-Hant-HK"; path = "zh-Hant-HK.lproj/Main.strings"; sourceTree = "<group>"; };
		422B62FD260E4D3C00CAE202 /* zh-Hant-HK */ = {isa = PBXFileReference; lastKnownFileType = text.plist.strings; name = "zh-Hant-HK"; path = "zh-Hant-HK.lproj/InfoPlist.strings"; sourceTree = "<group>"; };
		422B62FE260E4D3C00CAE202 /* Braintree-Demo-Prefix.pch */ = {isa = PBXFileReference; fileEncoding = 4; lastKnownFileType = sourcecode.c.h; path = "Braintree-Demo-Prefix.pch"; sourceTree = "<group>"; };
		422B62FF260E4D3C00CAE202 /* zh-HK */ = {isa = PBXFileReference; lastKnownFileType = text.plist.strings; name = "zh-HK"; path = "zh-HK.lproj/Main.strings"; sourceTree = "<group>"; };
		422B6300260E4D3C00CAE202 /* zh-HK */ = {isa = PBXFileReference; lastKnownFileType = text.plist.strings; name = "zh-HK"; path = "zh-HK.lproj/InfoPlist.strings"; sourceTree = "<group>"; };
		422B6301260E4D3C00CAE202 /* nb */ = {isa = PBXFileReference; lastKnownFileType = text.plist.strings; name = nb; path = nb.lproj/Main.strings; sourceTree = "<group>"; };
		422B6302260E4D3C00CAE202 /* nb */ = {isa = PBXFileReference; lastKnownFileType = text.plist.strings; name = nb; path = nb.lproj/InfoPlist.strings; sourceTree = "<group>"; };
		422B6303260E4D3C00CAE202 /* es */ = {isa = PBXFileReference; lastKnownFileType = text.plist.strings; name = es; path = es.lproj/Main.strings; sourceTree = "<group>"; };
		422B6304260E4D3C00CAE202 /* es */ = {isa = PBXFileReference; lastKnownFileType = text.plist.strings; name = es; path = es.lproj/InfoPlist.strings; sourceTree = "<group>"; };
		422B6305260E4D3C00CAE202 /* da */ = {isa = PBXFileReference; lastKnownFileType = text.plist.strings; name = da; path = da.lproj/Main.strings; sourceTree = "<group>"; };
		422B6306260E4D3C00CAE202 /* da */ = {isa = PBXFileReference; lastKnownFileType = text.plist.strings; name = da; path = da.lproj/InfoPlist.strings; sourceTree = "<group>"; };
		422B6307260E4D3C00CAE202 /* it */ = {isa = PBXFileReference; lastKnownFileType = text.plist.strings; name = it; path = it.lproj/Main.strings; sourceTree = "<group>"; };
		422B6308260E4D3C00CAE202 /* it */ = {isa = PBXFileReference; lastKnownFileType = text.plist.strings; name = it; path = it.lproj/InfoPlist.strings; sourceTree = "<group>"; };
		422B6309260E4D3C00CAE202 /* fr-CA */ = {isa = PBXFileReference; lastKnownFileType = text.plist.strings; name = "fr-CA"; path = "fr-CA.lproj/Main.strings"; sourceTree = "<group>"; };
		422B630A260E4D3C00CAE202 /* fr-CA */ = {isa = PBXFileReference; lastKnownFileType = text.plist.strings; name = "fr-CA"; path = "fr-CA.lproj/InfoPlist.strings"; sourceTree = "<group>"; };
		422B630B260E4D3C00CAE202 /* sv */ = {isa = PBXFileReference; lastKnownFileType = text.plist.strings; name = sv; path = sv.lproj/Main.strings; sourceTree = "<group>"; };
		422B630C260E4D3C00CAE202 /* sv */ = {isa = PBXFileReference; lastKnownFileType = text.plist.strings; name = sv; path = sv.lproj/InfoPlist.strings; sourceTree = "<group>"; };
		422B630E260E4D3C00CAE202 /* cs */ = {isa = PBXFileReference; lastKnownFileType = text.plist.strings; name = cs; path = cs.lproj/BTUI.strings; sourceTree = "<group>"; };
		422B630F260E4D3C00CAE202 /* ko */ = {isa = PBXFileReference; lastKnownFileType = text.plist.strings; name = ko; path = ko.lproj/Main.strings; sourceTree = "<group>"; };
		422B6310260E4D3C00CAE202 /* ko */ = {isa = PBXFileReference; lastKnownFileType = text.plist.strings; name = ko; path = ko.lproj/InfoPlist.strings; sourceTree = "<group>"; };
		422B6311260E4D3C00CAE202 /* zh-Hant */ = {isa = PBXFileReference; lastKnownFileType = text.plist.strings; name = "zh-Hant"; path = "zh-Hant.lproj/Main.strings"; sourceTree = "<group>"; };
		422B6312260E4D3C00CAE202 /* zh-Hant */ = {isa = PBXFileReference; lastKnownFileType = text.plist.strings; name = "zh-Hant"; path = "zh-Hant.lproj/InfoPlist.strings"; sourceTree = "<group>"; };
		422B6313260E4D3C00CAE202 /* Braintree-Demo-Info.plist */ = {isa = PBXFileReference; fileEncoding = 4; lastKnownFileType = text.plist.xml; path = "Braintree-Demo-Info.plist"; sourceTree = "<group>"; };
		422B6314260E4D3C00CAE202 /* tr */ = {isa = PBXFileReference; lastKnownFileType = text.plist.strings; name = tr; path = tr.lproj/Main.strings; sourceTree = "<group>"; };
		422B6315260E4D3C00CAE202 /* tr */ = {isa = PBXFileReference; lastKnownFileType = text.plist.strings; name = tr; path = tr.lproj/InfoPlist.strings; sourceTree = "<group>"; };
		422B6316260E4D3C00CAE202 /* pl */ = {isa = PBXFileReference; lastKnownFileType = text.plist.strings; name = pl; path = pl.lproj/Main.strings; sourceTree = "<group>"; };
		422B6317260E4D3C00CAE202 /* pl */ = {isa = PBXFileReference; lastKnownFileType = text.plist.strings; name = pl; path = pl.lproj/InfoPlist.strings; sourceTree = "<group>"; };
		422B6318260E4D3C00CAE202 /* ru */ = {isa = PBXFileReference; lastKnownFileType = text.plist.strings; name = ru; path = ru.lproj/Main.strings; sourceTree = "<group>"; };
		422B6319260E4D3C00CAE202 /* ru */ = {isa = PBXFileReference; lastKnownFileType = text.plist.strings; name = ru; path = ru.lproj/InfoPlist.strings; sourceTree = "<group>"; };
		422B631A260E4D3C00CAE202 /* Launch Screen.storyboard */ = {isa = PBXFileReference; fileEncoding = 4; lastKnownFileType = file.storyboard; path = "Launch Screen.storyboard"; sourceTree = "<group>"; };
		422B631B260E4D3C00CAE202 /* fr */ = {isa = PBXFileReference; lastKnownFileType = text.plist.strings; name = fr; path = fr.lproj/Main.strings; sourceTree = "<group>"; };
		422B631C260E4D3C00CAE202 /* fr */ = {isa = PBXFileReference; lastKnownFileType = text.plist.strings; name = fr; path = fr.lproj/InfoPlist.strings; sourceTree = "<group>"; };
		422B631D260E4D3C00CAE202 /* id */ = {isa = PBXFileReference; lastKnownFileType = text.plist.strings; name = id; path = id.lproj/Main.strings; sourceTree = "<group>"; };
		422B631E260E4D3C00CAE202 /* id */ = {isa = PBXFileReference; lastKnownFileType = text.plist.strings; name = id; path = id.lproj/InfoPlist.strings; sourceTree = "<group>"; };
		422B631F260E4D3C00CAE202 /* nl */ = {isa = PBXFileReference; lastKnownFileType = text.plist.strings; name = nl; path = nl.lproj/Main.strings; sourceTree = "<group>"; };
		422B6320260E4D3C00CAE202 /* nl */ = {isa = PBXFileReference; lastKnownFileType = text.plist.strings; name = nl; path = nl.lproj/InfoPlist.strings; sourceTree = "<group>"; };
		422B6321260E4D3C00CAE202 /* th */ = {isa = PBXFileReference; lastKnownFileType = text.plist.strings; name = th; path = th.lproj/Main.strings; sourceTree = "<group>"; };
		422B6322260E4D3C00CAE202 /* th */ = {isa = PBXFileReference; lastKnownFileType = text.plist.strings; name = th; path = th.lproj/InfoPlist.strings; sourceTree = "<group>"; };
		422B6323260E4D3C00CAE202 /* pt */ = {isa = PBXFileReference; lastKnownFileType = text.plist.strings; name = pt; path = pt.lproj/Main.strings; sourceTree = "<group>"; };
		422B6324260E4D3C00CAE202 /* pt */ = {isa = PBXFileReference; lastKnownFileType = text.plist.strings; name = pt; path = pt.lproj/InfoPlist.strings; sourceTree = "<group>"; };
		422B6325260E4D3C00CAE202 /* pt-PT */ = {isa = PBXFileReference; lastKnownFileType = text.plist.strings; name = "pt-PT"; path = "pt-PT.lproj/Main.strings"; sourceTree = "<group>"; };
		422B6326260E4D3C00CAE202 /* pt-PT */ = {isa = PBXFileReference; lastKnownFileType = text.plist.strings; name = "pt-PT"; path = "pt-PT.lproj/InfoPlist.strings"; sourceTree = "<group>"; };
		422B6330260E4D5700CAE202 /* Assets.xcassets */ = {isa = PBXFileReference; lastKnownFileType = folder.assetcatalog; path = Assets.xcassets; sourceTree = "<group>"; };
		4245D7A3256C5AF900F1A413 /* Demo.app */ = {isa = PBXFileReference; explicitFileType = wrapper.application; includeInIndex = 0; path = Demo.app; sourceTree = BUILT_PRODUCTS_DIR; };
		4245D866256C5C4E00F1A413 /* Settings.bundle */ = {isa = PBXFileReference; lastKnownFileType = "wrapper.plug-in"; path = Settings.bundle; sourceTree = "<group>"; };
		4245D867256C5C4E00F1A413 /* DemoSettings.swift */ = {isa = PBXFileReference; fileEncoding = 4; lastKnownFileType = sourcecode.swift; path = DemoSettings.swift; sourceTree = "<group>"; };
		4245D868256C5C4E00F1A413 /* DemoAppDelegate.swift */ = {isa = PBXFileReference; fileEncoding = 4; lastKnownFileType = sourcecode.swift; path = DemoAppDelegate.swift; sourceTree = "<group>"; };
		4245D869256C5C4E00F1A413 /* DemoContainerViewController.swift */ = {isa = PBXFileReference; fileEncoding = 4; lastKnownFileType = sourcecode.swift; path = DemoContainerViewController.swift; sourceTree = "<group>"; };
		4245D86A256C5C4E00F1A413 /* DemoBaseViewController.swift */ = {isa = PBXFileReference; fileEncoding = 4; lastKnownFileType = sourcecode.swift; path = DemoBaseViewController.swift; sourceTree = "<group>"; };
		4245D86B256C5C4E00F1A413 /* ViewHelpers.swift */ = {isa = PBXFileReference; fileEncoding = 4; lastKnownFileType = sourcecode.swift; path = ViewHelpers.swift; sourceTree = "<group>"; };
		4245D86C256C5C4E00F1A413 /* DemoDropInViewController.swift */ = {isa = PBXFileReference; fileEncoding = 4; lastKnownFileType = sourcecode.swift; path = DemoDropInViewController.swift; sourceTree = "<group>"; };
		4245D86D256C5C4E00F1A413 /* README.md */ = {isa = PBXFileReference; fileEncoding = 4; lastKnownFileType = net.daringfireball.markdown; path = README.md; sourceTree = SOURCE_ROOT; };
		4245D877256C5C4E00F1A413 /* DropInDemo.entitlements */ = {isa = PBXFileReference; fileEncoding = 4; lastKnownFileType = text.plist.entitlements; path = DropInDemo.entitlements; sourceTree = "<group>"; };
		4245D87C256C5C4E00F1A413 /* DemoDropInView.swift */ = {isa = PBXFileReference; fileEncoding = 4; lastKnownFileType = sourcecode.swift; path = DemoDropInView.swift; sourceTree = "<group>"; };
		4245D87E256C5C4E00F1A413 /* DemoMerchantAPIClient.swift */ = {isa = PBXFileReference; fileEncoding = 4; lastKnownFileType = sourcecode.swift; path = DemoMerchantAPIClient.swift; sourceTree = "<group>"; };
		428484AE2617BFD00093461D /* MockVenmo.app */ = {isa = PBXFileReference; explicitFileType = wrapper.application; includeInIndex = 0; path = MockVenmo.app; sourceTree = BUILT_PRODUCTS_DIR; };
		428484B02617BFD00093461D /* AppDelegate.swift */ = {isa = PBXFileReference; lastKnownFileType = sourcecode.swift; path = AppDelegate.swift; sourceTree = "<group>"; };
		428484B22617BFD00093461D /* SceneDelegate.swift */ = {isa = PBXFileReference; lastKnownFileType = sourcecode.swift; path = SceneDelegate.swift; sourceTree = "<group>"; };
		428484B42617BFD00093461D /* ViewController.swift */ = {isa = PBXFileReference; lastKnownFileType = sourcecode.swift; path = ViewController.swift; sourceTree = "<group>"; };
		428484B72617BFD00093461D /* Base */ = {isa = PBXFileReference; lastKnownFileType = file.storyboard; name = Base; path = Base.lproj/Main.storyboard; sourceTree = "<group>"; };
		428484B92617BFD20093461D /* Assets.xcassets */ = {isa = PBXFileReference; lastKnownFileType = folder.assetcatalog; path = Assets.xcassets; sourceTree = "<group>"; };
		428484BC2617BFD20093461D /* Base */ = {isa = PBXFileReference; lastKnownFileType = file.storyboard; name = Base; path = Base.lproj/LaunchScreen.storyboard; sourceTree = "<group>"; };
		428484BE2617BFD20093461D /* Info.plist */ = {isa = PBXFileReference; lastKnownFileType = text.plist.xml; path = Info.plist; sourceTree = "<group>"; };
		428484C52617C0140093461D /* AppSwitcher.swift */ = {isa = PBXFileReference; lastKnownFileType = sourcecode.swift; path = AppSwitcher.swift; sourceTree = "<group>"; };
		428484CA2617C1160093461D /* BraintreeDropIn_Venmo_UITests.swift */ = {isa = PBXFileReference; lastKnownFileType = sourcecode.swift; path = BraintreeDropIn_Venmo_UITests.swift; sourceTree = "<group>"; };
		805384C8261623E20085B16C /* BraintreeDropIn_Localization_UITests.swift */ = {isa = PBXFileReference; lastKnownFileType = sourcecode.swift; path = BraintreeDropIn_Localization_UITests.swift; sourceTree = "<group>"; };
		8068E51D256D73D5002904E6 /* UITests.xctest */ = {isa = PBXFileReference; explicitFileType = wrapper.cfbundle; includeInIndex = 0; path = UITests.xctest; sourceTree = BUILT_PRODUCTS_DIR; };
		8068E51F256D73D5002904E6 /* BraintreeDropIn_UITests.swift */ = {isa = PBXFileReference; lastKnownFileType = sourcecode.swift; path = BraintreeDropIn_UITests.swift; sourceTree = "<group>"; };
		8068E521256D73D5002904E6 /* Info.plist */ = {isa = PBXFileReference; lastKnownFileType = text.plist.xml; path = Info.plist; sourceTree = "<group>"; };
		8068E52B256D7459002904E6 /* BraintreeDropIn_EditMode_UITests.swift */ = {isa = PBXFileReference; lastKnownFileType = sourcecode.swift; path = BraintreeDropIn_EditMode_UITests.swift; sourceTree = "<group>"; };
		8068E531256D7489002904E6 /* Helpers.swift */ = {isa = PBXFileReference; lastKnownFileType = sourcecode.swift; path = Helpers.swift; sourceTree = "<group>"; };
		8075165E25F7E8F9007DEFA1 /* BraintreeDropIn.framework */ = {isa = PBXFileReference; explicitFileType = wrapper.framework; path = BraintreeDropIn.framework; sourceTree = BUILT_PRODUCTS_DIR; };
/* End PBXFileReference section */

/* Begin PBXFrameworksBuildPhase section */
		4245D7A0256C5AF900F1A413 /* Frameworks */ = {
			isa = PBXFrameworksBuildPhase;
			buildActionMask = 2147483647;
			files = (
				423BD4EE260D199600D111E6 /* InAppSettingsKit in Frameworks */,
				422BB058260E2720007EF855 /* BraintreeDropIn in Frameworks */,
			);
			runOnlyForDeploymentPostprocessing = 0;
		};
		428484AB2617BFD00093461D /* Frameworks */ = {
			isa = PBXFrameworksBuildPhase;
			buildActionMask = 2147483647;
			files = (
			);
			runOnlyForDeploymentPostprocessing = 0;
		};
		8068E51A256D73D5002904E6 /* Frameworks */ = {
			isa = PBXFrameworksBuildPhase;
			buildActionMask = 2147483647;
			files = (
			);
			runOnlyForDeploymentPostprocessing = 0;
		};
/* End PBXFrameworksBuildPhase section */

/* Begin PBXGroup section */
		4226FBA62620A2E3006F45FE /* SwiftUI */ = {
			isa = PBXGroup;
			children = (
				4226FBB22620A61F006F45FE /* ContentView.swift */,
			);
			path = SwiftUI;
			sourceTree = "<group>";
		};
		422B62ED260E4D3C00CAE202 /* Supporting Files */ = {
			isa = PBXGroup;
			children = (
				4245D877256C5C4E00F1A413 /* DropInDemo.entitlements */,
				422B62EE260E4D3C00CAE202 /* Main.strings */,
				422B62F0260E4D3C00CAE202 /* InfoPlist.strings */,
				422B62FE260E4D3C00CAE202 /* Braintree-Demo-Prefix.pch */,
				422B630D260E4D3C00CAE202 /* BTUI.strings */,
				422B6313260E4D3C00CAE202 /* Braintree-Demo-Info.plist */,
				422B631A260E4D3C00CAE202 /* Launch Screen.storyboard */,
			);
			path = "Supporting Files";
			sourceTree = "<group>";
		};
		4245D79A256C5AF900F1A413 = {
			isa = PBXGroup;
			children = (
				80AD3CDD25A6689F00B2762C /* Frameworks */,
				4245D7A5256C5AF900F1A413 /* Demo */,
				428484AF2617BFD00093461D /* MockVenmo */,
				8068E51E256D73D5002904E6 /* UITests */,
				4245D7A4256C5AF900F1A413 /* Products */,
			);
			sourceTree = "<group>";
		};
		4245D7A4256C5AF900F1A413 /* Products */ = {
			isa = PBXGroup;
			children = (
				4245D7A3256C5AF900F1A413 /* Demo.app */,
				8068E51D256D73D5002904E6 /* UITests.xctest */,
				428484AE2617BFD00093461D /* MockVenmo.app */,
			);
			name = Products;
			sourceTree = "<group>";
		};
		4245D7A5256C5AF900F1A413 /* Demo */ = {
			isa = PBXGroup;
			children = (
				421F783C260E37EE003F99B5 /* braintree-ios-drop-in */,
				4245D864256C5C4E00F1A413 /* Application */,
				4245D86D256C5C4E00F1A413 /* README.md */,
			);
			path = Demo;
			sourceTree = "<group>";
		};
		4245D864256C5C4E00F1A413 /* Application */ = {
			isa = PBXGroup;
			children = (
				4226FBA62620A2E3006F45FE /* SwiftUI */,
				422B6330260E4D5700CAE202 /* Assets.xcassets */,
				4245D868256C5C4E00F1A413 /* DemoAppDelegate.swift */,
				4245D86A256C5C4E00F1A413 /* DemoBaseViewController.swift */,
				4245D869256C5C4E00F1A413 /* DemoContainerViewController.swift */,
				4245D87C256C5C4E00F1A413 /* DemoDropInView.swift */,
				4245D86C256C5C4E00F1A413 /* DemoDropInViewController.swift */,
				4245D87E256C5C4E00F1A413 /* DemoMerchantAPIClient.swift */,
				4221CD55260E66D30025F6AD /* DemoPurchaseButton.swift */,
				4245D865256C5C4E00F1A413 /* Settings */,
				422B62ED260E4D3C00CAE202 /* Supporting Files */,
				4245D86B256C5C4E00F1A413 /* ViewHelpers.swift */,
			);
			path = Application;
			sourceTree = "<group>";
		};
		4245D865256C5C4E00F1A413 /* Settings */ = {
			isa = PBXGroup;
			children = (
				4245D866256C5C4E00F1A413 /* Settings.bundle */,
				4245D867256C5C4E00F1A413 /* DemoSettings.swift */,
			);
			path = Settings;
			sourceTree = "<group>";
		};
		428484AF2617BFD00093461D /* MockVenmo */ = {
			isa = PBXGroup;
			children = (
				428484B02617BFD00093461D /* AppDelegate.swift */,
				428484B22617BFD00093461D /* SceneDelegate.swift */,
				428484B42617BFD00093461D /* ViewController.swift */,
				428484C52617C0140093461D /* AppSwitcher.swift */,
				428484B62617BFD00093461D /* Main.storyboard */,
				428484B92617BFD20093461D /* Assets.xcassets */,
				428484BB2617BFD20093461D /* LaunchScreen.storyboard */,
				428484BE2617BFD20093461D /* Info.plist */,
			);
			path = MockVenmo;
			sourceTree = "<group>";
		};
		8068E51E256D73D5002904E6 /* UITests */ = {
			isa = PBXGroup;
			children = (
				8068E52B256D7459002904E6 /* BraintreeDropIn_EditMode_UITests.swift */,
				8068E51F256D73D5002904E6 /* BraintreeDropIn_UITests.swift */,
				428484CA2617C1160093461D /* BraintreeDropIn_Venmo_UITests.swift */,
				805384C8261623E20085B16C /* BraintreeDropIn_Localization_UITests.swift */,
				8068E531256D7489002904E6 /* Helpers.swift */,
				8068E521256D73D5002904E6 /* Info.plist */,
			);
			name = UITests;
			path = Demo/UITests;
			sourceTree = "<group>";
		};
		80AD3CDD25A6689F00B2762C /* Frameworks */ = {
			isa = PBXGroup;
			children = (
				8075165E25F7E8F9007DEFA1 /* BraintreeDropIn.framework */,
			);
			name = Frameworks;
			sourceTree = "<group>";
		};
/* End PBXGroup section */

/* Begin PBXNativeTarget section */
		4245D7A2256C5AF900F1A413 /* Demo */ = {
			isa = PBXNativeTarget;
			buildConfigurationList = 4245D7B7256C5AFC00F1A413 /* Build configuration list for PBXNativeTarget "Demo" */;
			buildPhases = (
				4245D79F256C5AF900F1A413 /* Sources */,
				4245D7A0256C5AF900F1A413 /* Frameworks */,
				4245D7A1256C5AF900F1A413 /* Resources */,
			);
			buildRules = (
			);
			dependencies = (
			);
			name = Demo;
			packageProductDependencies = (
				423BD4ED260D199600D111E6 /* InAppSettingsKit */,
				422BB057260E2720007EF855 /* BraintreeDropIn */,
			);
			productName = Demo;
			productReference = 4245D7A3256C5AF900F1A413 /* Demo.app */;
			productType = "com.apple.product-type.application";
		};
		428484AD2617BFD00093461D /* MockVenmo */ = {
			isa = PBXNativeTarget;
			buildConfigurationList = 428484C12617BFD20093461D /* Build configuration list for PBXNativeTarget "MockVenmo" */;
			buildPhases = (
				428484AA2617BFD00093461D /* Sources */,
				428484AB2617BFD00093461D /* Frameworks */,
				428484AC2617BFD00093461D /* Resources */,
			);
			buildRules = (
			);
			dependencies = (
			);
			name = MockVenmo;
			productName = MockVenmo;
			productReference = 428484AE2617BFD00093461D /* MockVenmo.app */;
			productType = "com.apple.product-type.application";
		};
		8068E51C256D73D5002904E6 /* UITests */ = {
			isa = PBXNativeTarget;
			buildConfigurationList = 8068E526256D73D5002904E6 /* Build configuration list for PBXNativeTarget "UITests" */;
			buildPhases = (
				8068E519256D73D5002904E6 /* Sources */,
				8068E51A256D73D5002904E6 /* Frameworks */,
				8068E51B256D73D5002904E6 /* Resources */,
			);
			buildRules = (
			);
			dependencies = (
				8068E523256D73D5002904E6 /* PBXTargetDependency */,
				426A45DE261BA55100951A31 /* PBXTargetDependency */,
			);
			name = UITests;
			productName = UITests;
			productReference = 8068E51D256D73D5002904E6 /* UITests.xctest */;
			productType = "com.apple.product-type.bundle.ui-testing";
		};
/* End PBXNativeTarget section */

/* Begin PBXProject section */
		4245D79B256C5AF900F1A413 /* Project object */ = {
			isa = PBXProject;
			attributes = {
				LastSwiftUpdateCheck = 1240;
				LastUpgradeCheck = 1220;
				TargetAttributes = {
					4245D7A2256C5AF900F1A413 = {
						CreatedOnToolsVersion = 12.2;
					};
					428484AD2617BFD00093461D = {
						CreatedOnToolsVersion = 12.4;
					};
					8068E51C256D73D5002904E6 = {
						CreatedOnToolsVersion = 12.2;
						TestTargetID = 4245D7A2256C5AF900F1A413;
					};
				};
			};
			buildConfigurationList = 4245D79E256C5AF900F1A413 /* Build configuration list for PBXProject "Demo" */;
			compatibilityVersion = "Xcode 9.3";
			developmentRegion = en;
			hasScannedForEncodings = 0;
			knownRegions = (
				en,
				Base,
				da,
				de,
				es,
				fr,
				"fr-CA",
				he,
				id,
				it,
				ja,
				ko,
				nb,
				nl,
				pl,
				ru,
				sv,
				th,
				"zh-Hans",
				"zh-Hant",
				ar,
				pt,
				"zh-Hant-HK",
				"zh-HK",
				cs,
				tr,
				"pt-PT",
			);
			mainGroup = 4245D79A256C5AF900F1A413;
			packageReferences = (
				423BD4EC260D199600D111E6 /* XCRemoteSwiftPackageReference "InAppSettingsKit" */,
				422BB056260E2720007EF855 /* XCRemoteSwiftPackageReference "braintree-ios-drop-in" */,
			);
			productRefGroup = 4245D7A4256C5AF900F1A413 /* Products */;
			projectDirPath = "";
			projectRoot = "";
			targets = (
				4245D7A2256C5AF900F1A413 /* Demo */,
				8068E51C256D73D5002904E6 /* UITests */,
				428484AD2617BFD00093461D /* MockVenmo */,
			);
		};
/* End PBXProject section */

/* Begin PBXResourcesBuildPhase section */
		4245D7A1256C5AF900F1A413 /* Resources */ = {
			isa = PBXResourcesBuildPhase;
			buildActionMask = 2147483647;
			files = (
				422B6329260E4D3C00CAE202 /* BTUI.strings in Resources */,
				422B6328260E4D3C00CAE202 /* InfoPlist.strings in Resources */,
				422B6327260E4D3C00CAE202 /* Main.strings in Resources */,
				4245D87F256C5C4E00F1A413 /* Settings.bundle in Resources */,
				422B6331260E4D5700CAE202 /* Assets.xcassets in Resources */,
				422B632B260E4D3C00CAE202 /* Launch Screen.storyboard in Resources */,
			);
			runOnlyForDeploymentPostprocessing = 0;
		};
		428484AC2617BFD00093461D /* Resources */ = {
			isa = PBXResourcesBuildPhase;
			buildActionMask = 2147483647;
			files = (
				428484BD2617BFD20093461D /* LaunchScreen.storyboard in Resources */,
				428484BA2617BFD20093461D /* Assets.xcassets in Resources */,
				428484B82617BFD00093461D /* Main.storyboard in Resources */,
			);
			runOnlyForDeploymentPostprocessing = 0;
		};
		8068E51B256D73D5002904E6 /* Resources */ = {
			isa = PBXResourcesBuildPhase;
			buildActionMask = 2147483647;
			files = (
			);
			runOnlyForDeploymentPostprocessing = 0;
		};
/* End PBXResourcesBuildPhase section */

/* Begin PBXSourcesBuildPhase section */
		4245D79F256C5AF900F1A413 /* Sources */ = {
			isa = PBXSourcesBuildPhase;
			buildActionMask = 2147483647;
			files = (
				4245D882256C5C4E00F1A413 /* DemoContainerViewController.swift in Sources */,
				4245D880256C5C4E00F1A413 /* DemoSettings.swift in Sources */,
				4245D883256C5C4E00F1A413 /* DemoBaseViewController.swift in Sources */,
				4221CD56260E66D30025F6AD /* DemoPurchaseButton.swift in Sources */,
				4245D884256C5C4E00F1A413 /* ViewHelpers.swift in Sources */,
				4245D88C256C5C4F00F1A413 /* DemoDropInView.swift in Sources */,
				4226FBB32620A61F006F45FE /* ContentView.swift in Sources */,
				4245D881256C5C4E00F1A413 /* DemoAppDelegate.swift in Sources */,
				4245D88D256C5C4F00F1A413 /* DemoMerchantAPIClient.swift in Sources */,
				4245D885256C5C4E00F1A413 /* DemoDropInViewController.swift in Sources */,
			);
			runOnlyForDeploymentPostprocessing = 0;
		};
		428484AA2617BFD00093461D /* Sources */ = {
			isa = PBXSourcesBuildPhase;
			buildActionMask = 2147483647;
			files = (
				428484B52617BFD00093461D /* ViewController.swift in Sources */,
				428484B12617BFD00093461D /* AppDelegate.swift in Sources */,
				428484C62617C0140093461D /* AppSwitcher.swift in Sources */,
				428484B32617BFD00093461D /* SceneDelegate.swift in Sources */,
			);
			runOnlyForDeploymentPostprocessing = 0;
		};
		8068E519256D73D5002904E6 /* Sources */ = {
			isa = PBXSourcesBuildPhase;
			buildActionMask = 2147483647;
			files = (
				8068E52C256D7459002904E6 /* BraintreeDropIn_EditMode_UITests.swift in Sources */,
				805384C9261623E20085B16C /* BraintreeDropIn_Localization_UITests.swift in Sources */,
				8068E532256D7489002904E6 /* Helpers.swift in Sources */,
				428484CB2617C1160093461D /* BraintreeDropIn_Venmo_UITests.swift in Sources */,
				8068E520256D73D5002904E6 /* BraintreeDropIn_UITests.swift in Sources */,
			);
			runOnlyForDeploymentPostprocessing = 0;
		};
/* End PBXSourcesBuildPhase section */

/* Begin PBXTargetDependency section */
		426A45DE261BA55100951A31 /* PBXTargetDependency */ = {
			isa = PBXTargetDependency;
			target = 428484AD2617BFD00093461D /* MockVenmo */;
			targetProxy = 426A45DD261BA55100951A31 /* PBXContainerItemProxy */;
		};
		8068E523256D73D5002904E6 /* PBXTargetDependency */ = {
			isa = PBXTargetDependency;
			target = 4245D7A2256C5AF900F1A413 /* Demo */;
			targetProxy = 8068E522256D73D5002904E6 /* PBXContainerItemProxy */;
		};
/* End PBXTargetDependency section */

/* Begin PBXVariantGroup section */
		422B62EE260E4D3C00CAE202 /* Main.strings */ = {
			isa = PBXVariantGroup;
			children = (
				422B62EF260E4D3C00CAE202 /* de */,
				422B62F2260E4D3C00CAE202 /* he */,
				422B62F4260E4D3C00CAE202 /* ar */,
				422B62F6260E4D3C00CAE202 /* zh-Hans */,
				422B62F8260E4D3C00CAE202 /* ja */,
				422B62FA260E4D3C00CAE202 /* en */,
				422B62FC260E4D3C00CAE202 /* zh-Hant-HK */,
				422B62FF260E4D3C00CAE202 /* zh-HK */,
				422B6301260E4D3C00CAE202 /* nb */,
				422B6303260E4D3C00CAE202 /* es */,
				422B6305260E4D3C00CAE202 /* da */,
				422B6307260E4D3C00CAE202 /* it */,
				422B6309260E4D3C00CAE202 /* fr-CA */,
				422B630B260E4D3C00CAE202 /* sv */,
				422B630F260E4D3C00CAE202 /* ko */,
				422B6311260E4D3C00CAE202 /* zh-Hant */,
				422B6314260E4D3C00CAE202 /* tr */,
				422B6316260E4D3C00CAE202 /* pl */,
				422B6318260E4D3C00CAE202 /* ru */,
				422B631B260E4D3C00CAE202 /* fr */,
				422B631D260E4D3C00CAE202 /* id */,
				422B631F260E4D3C00CAE202 /* nl */,
				422B6321260E4D3C00CAE202 /* th */,
				422B6323260E4D3C00CAE202 /* pt */,
				422B6325260E4D3C00CAE202 /* pt-PT */,
			);
			name = Main.strings;
			sourceTree = "<group>";
		};
		422B62F0260E4D3C00CAE202 /* InfoPlist.strings */ = {
			isa = PBXVariantGroup;
			children = (
				422B62F1260E4D3C00CAE202 /* de */,
				422B62F3260E4D3C00CAE202 /* he */,
				422B62F5260E4D3C00CAE202 /* ar */,
				422B62F7260E4D3C00CAE202 /* zh-Hans */,
				422B62F9260E4D3C00CAE202 /* ja */,
				422B62FB260E4D3C00CAE202 /* en */,
				422B62FD260E4D3C00CAE202 /* zh-Hant-HK */,
				422B6300260E4D3C00CAE202 /* zh-HK */,
				422B6302260E4D3C00CAE202 /* nb */,
				422B6304260E4D3C00CAE202 /* es */,
				422B6306260E4D3C00CAE202 /* da */,
				422B6308260E4D3C00CAE202 /* it */,
				422B630A260E4D3C00CAE202 /* fr-CA */,
				422B630C260E4D3C00CAE202 /* sv */,
				422B6310260E4D3C00CAE202 /* ko */,
				422B6312260E4D3C00CAE202 /* zh-Hant */,
				422B6315260E4D3C00CAE202 /* tr */,
				422B6317260E4D3C00CAE202 /* pl */,
				422B6319260E4D3C00CAE202 /* ru */,
				422B631C260E4D3C00CAE202 /* fr */,
				422B631E260E4D3C00CAE202 /* id */,
				422B6320260E4D3C00CAE202 /* nl */,
				422B6322260E4D3C00CAE202 /* th */,
				422B6324260E4D3C00CAE202 /* pt */,
				422B6326260E4D3C00CAE202 /* pt-PT */,
			);
			name = InfoPlist.strings;
			sourceTree = "<group>";
		};
		422B630D260E4D3C00CAE202 /* BTUI.strings */ = {
			isa = PBXVariantGroup;
			children = (
				422B630E260E4D3C00CAE202 /* cs */,
			);
			name = BTUI.strings;
			sourceTree = "<group>";
		};
		428484B62617BFD00093461D /* Main.storyboard */ = {
			isa = PBXVariantGroup;
			children = (
				428484B72617BFD00093461D /* Base */,
			);
			name = Main.storyboard;
			sourceTree = "<group>";
		};
		428484BB2617BFD20093461D /* LaunchScreen.storyboard */ = {
			isa = PBXVariantGroup;
			children = (
				428484BC2617BFD20093461D /* Base */,
			);
			name = LaunchScreen.storyboard;
			sourceTree = "<group>";
		};
/* End PBXVariantGroup section */

/* Begin XCBuildConfiguration section */
		4245D7B5256C5AFC00F1A413 /* Debug */ = {
			isa = XCBuildConfiguration;
			buildSettings = {
				ALWAYS_SEARCH_USER_PATHS = NO;
				CLANG_ANALYZER_LOCALIZABILITY_NONLOCALIZED = YES;
				CLANG_ANALYZER_NONNULL = YES;
				CLANG_ANALYZER_NUMBER_OBJECT_CONVERSION = YES_AGGRESSIVE;
				CLANG_CXX_LANGUAGE_STANDARD = "gnu++14";
				CLANG_CXX_LIBRARY = "libc++";
				CLANG_ENABLE_MODULES = YES;
				CLANG_ENABLE_OBJC_ARC = YES;
				CLANG_ENABLE_OBJC_WEAK = YES;
				CLANG_WARN_BLOCK_CAPTURE_AUTORELEASING = YES;
				CLANG_WARN_BOOL_CONVERSION = YES;
				CLANG_WARN_COMMA = YES;
				CLANG_WARN_CONSTANT_CONVERSION = YES;
				CLANG_WARN_DEPRECATED_OBJC_IMPLEMENTATIONS = YES;
				CLANG_WARN_DIRECT_OBJC_ISA_USAGE = YES_ERROR;
				CLANG_WARN_DOCUMENTATION_COMMENTS = YES;
				CLANG_WARN_EMPTY_BODY = YES;
				CLANG_WARN_ENUM_CONVERSION = YES;
				CLANG_WARN_INFINITE_RECURSION = YES;
				CLANG_WARN_INT_CONVERSION = YES;
				CLANG_WARN_NON_LITERAL_NULL_CONVERSION = YES;
				CLANG_WARN_OBJC_IMPLICIT_RETAIN_SELF = YES;
				CLANG_WARN_OBJC_LITERAL_CONVERSION = YES;
				CLANG_WARN_OBJC_ROOT_CLASS = YES_ERROR;
				CLANG_WARN_QUOTED_INCLUDE_IN_FRAMEWORK_HEADER = YES;
				CLANG_WARN_RANGE_LOOP_ANALYSIS = YES;
				CLANG_WARN_STRICT_PROTOTYPES = YES;
				CLANG_WARN_SUSPICIOUS_MOVE = YES;
				CLANG_WARN_UNGUARDED_AVAILABILITY = YES_AGGRESSIVE;
				CLANG_WARN_UNREACHABLE_CODE = YES;
				CLANG_WARN__DUPLICATE_METHOD_MATCH = YES;
				COPY_PHASE_STRIP = NO;
				DEBUG_INFORMATION_FORMAT = dwarf;
				ENABLE_STRICT_OBJC_MSGSEND = YES;
				ENABLE_TESTABILITY = YES;
				GCC_C_LANGUAGE_STANDARD = gnu11;
				GCC_DYNAMIC_NO_PIC = NO;
				GCC_NO_COMMON_BLOCKS = YES;
				GCC_OPTIMIZATION_LEVEL = 0;
				GCC_PREPROCESSOR_DEFINITIONS = (
					"DEBUG=1",
					"$(inherited)",
				);
				GCC_WARN_64_TO_32_BIT_CONVERSION = YES;
				GCC_WARN_ABOUT_RETURN_TYPE = YES_ERROR;
				GCC_WARN_UNDECLARED_SELECTOR = YES;
				GCC_WARN_UNINITIALIZED_AUTOS = YES_AGGRESSIVE;
				GCC_WARN_UNUSED_FUNCTION = YES;
				GCC_WARN_UNUSED_VARIABLE = YES;
				IPHONEOS_DEPLOYMENT_TARGET = 14.2;
				MTL_ENABLE_DEBUG_INFO = INCLUDE_SOURCE;
				MTL_FAST_MATH = YES;
				ONLY_ACTIVE_ARCH = YES;
				SDKROOT = iphoneos;
				SWIFT_ACTIVE_COMPILATION_CONDITIONS = DEBUG;
				SWIFT_OPTIMIZATION_LEVEL = "-Onone";
			};
			name = Debug;
		};
		4245D7B6256C5AFC00F1A413 /* Release */ = {
			isa = XCBuildConfiguration;
			buildSettings = {
				ALWAYS_SEARCH_USER_PATHS = NO;
				CLANG_ANALYZER_LOCALIZABILITY_NONLOCALIZED = YES;
				CLANG_ANALYZER_NONNULL = YES;
				CLANG_ANALYZER_NUMBER_OBJECT_CONVERSION = YES_AGGRESSIVE;
				CLANG_CXX_LANGUAGE_STANDARD = "gnu++14";
				CLANG_CXX_LIBRARY = "libc++";
				CLANG_ENABLE_MODULES = YES;
				CLANG_ENABLE_OBJC_ARC = YES;
				CLANG_ENABLE_OBJC_WEAK = YES;
				CLANG_WARN_BLOCK_CAPTURE_AUTORELEASING = YES;
				CLANG_WARN_BOOL_CONVERSION = YES;
				CLANG_WARN_COMMA = YES;
				CLANG_WARN_CONSTANT_CONVERSION = YES;
				CLANG_WARN_DEPRECATED_OBJC_IMPLEMENTATIONS = YES;
				CLANG_WARN_DIRECT_OBJC_ISA_USAGE = YES_ERROR;
				CLANG_WARN_DOCUMENTATION_COMMENTS = YES;
				CLANG_WARN_EMPTY_BODY = YES;
				CLANG_WARN_ENUM_CONVERSION = YES;
				CLANG_WARN_INFINITE_RECURSION = YES;
				CLANG_WARN_INT_CONVERSION = YES;
				CLANG_WARN_NON_LITERAL_NULL_CONVERSION = YES;
				CLANG_WARN_OBJC_IMPLICIT_RETAIN_SELF = YES;
				CLANG_WARN_OBJC_LITERAL_CONVERSION = YES;
				CLANG_WARN_OBJC_ROOT_CLASS = YES_ERROR;
				CLANG_WARN_QUOTED_INCLUDE_IN_FRAMEWORK_HEADER = YES;
				CLANG_WARN_RANGE_LOOP_ANALYSIS = YES;
				CLANG_WARN_STRICT_PROTOTYPES = YES;
				CLANG_WARN_SUSPICIOUS_MOVE = YES;
				CLANG_WARN_UNGUARDED_AVAILABILITY = YES_AGGRESSIVE;
				CLANG_WARN_UNREACHABLE_CODE = YES;
				CLANG_WARN__DUPLICATE_METHOD_MATCH = YES;
				COPY_PHASE_STRIP = NO;
				DEBUG_INFORMATION_FORMAT = "dwarf-with-dsym";
				ENABLE_NS_ASSERTIONS = NO;
				ENABLE_STRICT_OBJC_MSGSEND = YES;
				GCC_C_LANGUAGE_STANDARD = gnu11;
				GCC_NO_COMMON_BLOCKS = YES;
				GCC_WARN_64_TO_32_BIT_CONVERSION = YES;
				GCC_WARN_ABOUT_RETURN_TYPE = YES_ERROR;
				GCC_WARN_UNDECLARED_SELECTOR = YES;
				GCC_WARN_UNINITIALIZED_AUTOS = YES_AGGRESSIVE;
				GCC_WARN_UNUSED_FUNCTION = YES;
				GCC_WARN_UNUSED_VARIABLE = YES;
				IPHONEOS_DEPLOYMENT_TARGET = 14.2;
				MTL_ENABLE_DEBUG_INFO = NO;
				MTL_FAST_MATH = YES;
				SDKROOT = iphoneos;
				SWIFT_COMPILATION_MODE = wholemodule;
				SWIFT_OPTIMIZATION_LEVEL = "-O";
				VALIDATE_PRODUCT = YES;
			};
			name = Release;
		};
		4245D7B8256C5AFC00F1A413 /* Debug */ = {
			isa = XCBuildConfiguration;
			buildSettings = {
				ASSETCATALOG_COMPILER_APPICON_NAME = AppIcon;
				CLANG_WARN_QUOTED_INCLUDE_IN_FRAMEWORK_HEADER = NO;
				CODE_SIGN_STYLE = Automatic;
				CURRENT_PROJECT_VERSION = 1;
				DEVELOPMENT_TEAM = 43253H4X22;
				FRAMEWORK_SEARCH_PATHS = (
					"$(inherited)",
					"$(PROJECT_DIR)",
				);
				INFOPLIST_FILE = "$(SRCROOT)/Demo/Application/Supporting Files/Braintree-Demo-Info.plist";
				IPHONEOS_DEPLOYMENT_TARGET = 12.0;
				LD_RUNPATH_SEARCH_PATHS = (
					"$(inherited)",
					"@executable_path/Frameworks",
				);
				MARKETING_VERSION = 8.1.2;
				PRODUCT_BUNDLE_IDENTIFIER = com.braintreepayments.DropInDemo;
				PRODUCT_NAME = "$(TARGET_NAME)";
				SWIFT_VERSION = 5.0;
				TARGETED_DEVICE_FAMILY = "1,2";
				VALIDATE_WORKSPACE = YES;
			};
			name = Debug;
		};
		4245D7B9256C5AFC00F1A413 /* Release */ = {
			isa = XCBuildConfiguration;
			buildSettings = {
				ASSETCATALOG_COMPILER_APPICON_NAME = AppIcon;
				CLANG_WARN_QUOTED_INCLUDE_IN_FRAMEWORK_HEADER = NO;
				CODE_SIGN_STYLE = Automatic;
				CURRENT_PROJECT_VERSION = 1;
				DEVELOPMENT_TEAM = 43253H4X22;
				FRAMEWORK_SEARCH_PATHS = (
					"$(inherited)",
					"$(PROJECT_DIR)",
				);
				INFOPLIST_FILE = "$(SRCROOT)/Demo/Application/Supporting Files/Braintree-Demo-Info.plist";
				IPHONEOS_DEPLOYMENT_TARGET = 12.0;
				LD_RUNPATH_SEARCH_PATHS = (
					"$(inherited)",
					"@executable_path/Frameworks",
				);
				MARKETING_VERSION = 8.1.2;
				PRODUCT_BUNDLE_IDENTIFIER = com.braintreepayments.DropInDemo;
				PRODUCT_NAME = "$(TARGET_NAME)";
				SWIFT_VERSION = 5.0;
				TARGETED_DEVICE_FAMILY = "1,2";
				VALIDATE_WORKSPACE = YES;
			};
			name = Release;
		};
		428484BF2617BFD20093461D /* Debug */ = {
			isa = XCBuildConfiguration;
			buildSettings = {
				ASSETCATALOG_COMPILER_APPICON_NAME = AppIcon;
				ASSETCATALOG_COMPILER_GLOBAL_ACCENT_COLOR_NAME = AccentColor;
				CODE_SIGN_STYLE = Automatic;
				DEVELOPMENT_TEAM = 43253H4X22;
				INFOPLIST_FILE = "$(SRCROOT)/MockVenmo/Info.plist";
				IPHONEOS_DEPLOYMENT_TARGET = 14.4;
				LD_RUNPATH_SEARCH_PATHS = (
					"$(inherited)",
					"@executable_path/Frameworks",
				);
				PRODUCT_BUNDLE_IDENTIFIER = com.braintreepayments.MockVenmo;
				PRODUCT_NAME = "$(TARGET_NAME)";
				SWIFT_VERSION = 5.0;
				TARGETED_DEVICE_FAMILY = "1,2";
			};
			name = Debug;
		};
		428484C02617BFD20093461D /* Release */ = {
			isa = XCBuildConfiguration;
			buildSettings = {
				ASSETCATALOG_COMPILER_APPICON_NAME = AppIcon;
				ASSETCATALOG_COMPILER_GLOBAL_ACCENT_COLOR_NAME = AccentColor;
				CODE_SIGN_STYLE = Automatic;
				DEVELOPMENT_TEAM = 43253H4X22;
				INFOPLIST_FILE = "$(SRCROOT)/MockVenmo/Info.plist";
				IPHONEOS_DEPLOYMENT_TARGET = 14.4;
				LD_RUNPATH_SEARCH_PATHS = (
					"$(inherited)",
					"@executable_path/Frameworks",
				);
				PRODUCT_BUNDLE_IDENTIFIER = com.braintreepayments.MockVenmo;
				PRODUCT_NAME = "$(TARGET_NAME)";
				SWIFT_VERSION = 5.0;
				TARGETED_DEVICE_FAMILY = "1,2";
			};
			name = Release;
		};
		8068E524256D73D5002904E6 /* Debug */ = {
			isa = XCBuildConfiguration;
			buildSettings = {
				CODE_SIGN_STYLE = Automatic;
				DEVELOPMENT_TEAM = 43253H4X22;
				INFOPLIST_FILE = "$(SRCROOT)/Demo/UITests/Info.plist";
				LD_RUNPATH_SEARCH_PATHS = (
					"$(inherited)",
					"@executable_path/Frameworks",
					"@loader_path/Frameworks",
				);
				PRODUCT_BUNDLE_IDENTIFIER = com.braintreepayments.UITests;
				PRODUCT_NAME = "$(TARGET_NAME)";
				SWIFT_VERSION = 5.0;
				TARGETED_DEVICE_FAMILY = "1,2";
				TEST_TARGET_NAME = Demo;
			};
			name = Debug;
		};
		8068E525256D73D5002904E6 /* Release */ = {
			isa = XCBuildConfiguration;
			buildSettings = {
				CODE_SIGN_STYLE = Automatic;
				DEVELOPMENT_TEAM = 43253H4X22;
				INFOPLIST_FILE = "$(SRCROOT)/Demo/UITests/Info.plist";
				LD_RUNPATH_SEARCH_PATHS = (
					"$(inherited)",
					"@executable_path/Frameworks",
					"@loader_path/Frameworks",
				);
				PRODUCT_BUNDLE_IDENTIFIER = com.braintreepayments.UITests;
				PRODUCT_NAME = "$(TARGET_NAME)";
				SWIFT_VERSION = 5.0;
				TARGETED_DEVICE_FAMILY = "1,2";
				TEST_TARGET_NAME = Demo;
			};
			name = Release;
		};
/* End XCBuildConfiguration section */

/* Begin XCConfigurationList section */
		4245D79E256C5AF900F1A413 /* Build configuration list for PBXProject "Demo" */ = {
			isa = XCConfigurationList;
			buildConfigurations = (
				4245D7B5256C5AFC00F1A413 /* Debug */,
				4245D7B6256C5AFC00F1A413 /* Release */,
			);
			defaultConfigurationIsVisible = 0;
			defaultConfigurationName = Release;
		};
		4245D7B7256C5AFC00F1A413 /* Build configuration list for PBXNativeTarget "Demo" */ = {
			isa = XCConfigurationList;
			buildConfigurations = (
				4245D7B8256C5AFC00F1A413 /* Debug */,
				4245D7B9256C5AFC00F1A413 /* Release */,
			);
			defaultConfigurationIsVisible = 0;
			defaultConfigurationName = Release;
		};
		428484C12617BFD20093461D /* Build configuration list for PBXNativeTarget "MockVenmo" */ = {
			isa = XCConfigurationList;
			buildConfigurations = (
				428484BF2617BFD20093461D /* Debug */,
				428484C02617BFD20093461D /* Release */,
			);
			defaultConfigurationIsVisible = 0;
			defaultConfigurationName = Release;
		};
		8068E526256D73D5002904E6 /* Build configuration list for PBXNativeTarget "UITests" */ = {
			isa = XCConfigurationList;
			buildConfigurations = (
				8068E524256D73D5002904E6 /* Debug */,
				8068E525256D73D5002904E6 /* Release */,
			);
			defaultConfigurationIsVisible = 0;
			defaultConfigurationName = Release;
		};
/* End XCConfigurationList section */

/* Begin XCRemoteSwiftPackageReference section */
		422BB056260E2720007EF855 /* XCRemoteSwiftPackageReference "braintree-ios-drop-in" */ = {
			isa = XCRemoteSwiftPackageReference;
			repositoryURL = "https://github.com/braintree/braintree-ios-drop-in.git";
			requirement = {
				branch = master;
				kind = branch;
			};
		};
		423BD4EC260D199600D111E6 /* XCRemoteSwiftPackageReference "InAppSettingsKit" */ = {
			isa = XCRemoteSwiftPackageReference;
			repositoryURL = "https://github.com/futuretap/InAppSettingsKit.git";
			requirement = {
				kind = upToNextMajorVersion;
				minimumVersion = 3.1.8;
			};
		};
/* End XCRemoteSwiftPackageReference section */

/* Begin XCSwiftPackageProductDependency section */
		422BB057260E2720007EF855 /* BraintreeDropIn */ = {
			isa = XCSwiftPackageProductDependency;
			package = 422BB056260E2720007EF855 /* XCRemoteSwiftPackageReference "braintree-ios-drop-in" */;
			productName = BraintreeDropIn;
		};
		423BD4ED260D199600D111E6 /* InAppSettingsKit */ = {
			isa = XCSwiftPackageProductDependency;
			package = 423BD4EC260D199600D111E6 /* XCRemoteSwiftPackageReference "InAppSettingsKit" */;
			productName = InAppSettingsKit;
		};
/* End XCSwiftPackageProductDependency section */
	};
	rootObject = 4245D79B256C5AF900F1A413 /* Project object */;
}
