{
  "pins" : [
    {
      "identity" : "braintree_ios",
      "kind" : "remoteSourceControl",
      "location" : "https://github.com/braintree/braintree_ios",
      "state" : {
        "revision" : "8c6003c7f2f1a960cc1dfed962a976f29002e33a",
        "version" : "6.2.0"
      }
    },
    {
      "identity" : "inappsettingskit",
      "kind" : "remoteSourceControl",
      "location" : "https://github.com/futuretap/InAppSettingsKit.git",
      "state" : {
        "revision" : "71e03ebad8462618f96c575c86d2e9220f880676",
        "version" : "3.3.2"
      }
    }
  ],
  "version" : 2
}
