{
  "object": {
    "pins": [
      {
        "package": "Braintree",
        "repositoryURL": "https://github.com/braintree/braintree_ios",
        "state": {
          "branch": null,
          "revision": "6d57ebe2182ab0e441c8ec359f3c8ba4dc5edb6b",
          "version": "5.5.0"
        }
      },
      {
        "package": "InAppSettingsKit",
        "repositoryURL": "https://github.com/futuretap/InAppSettingsKit.git",
        "state": {
          "branch": null,
          "revision": "71e03ebad8462618f96c575c86d2e9220f880676",
          "version": "3.3.2"
        }
      }
    ]
  },
  "version": 1
}
