{
  "object": {
    "pins": [
      {
        "package": "braintree_ios",
        "repositoryURL": "https://github.com/braintree/braintree_ios",
        "state": {
          "branch": "master",
          "revision": "ca0cbc19dc767ae5f1c757101437cd7c1e482976",
          "version": null
        }
      },
      {
        "package": "InAppSettingsKit",
        "repositoryURL": "https://github.com/futuretap/InAppSettingsKit.git",
        "state": {
          "branch": null,
          "revision": "71e03ebad8462618f96c575c86d2e9220f880676",
          "version": "3.3.2"
        }
      }
    ]
  },
  "version": 1
}
