{
  "object": {
    "pins": [
      {
        "package": "BraintreeDropIn",
        "repositoryURL": "/Users/scannillo/bt/braintree-ios-drop-in",
        "state": {
          "branch": "spm-support",
          "revision": "1747cda889e7db39c3bfe3b93f8d35d9f2ce3f1a",
          "version": null
        }
      }
    ]
  },
  "version": 1
}
