{
  "object": {
    "pins": [
      {
        "package": "BraintreeDropIn",
        "repositoryURL": "/Users/scannillo/bt/braintree-ios-drop-in",
        "state": {
          "branch": "spm-support",
          "revision": "54cafd723073f67cc7de87d85a527268841160a2",
          "version": null
        }
      }
    ]
  },
  "version": 1
}
